
Microsoft Visual Studio Solution File, Format Version 12.00
# Visual Studio Version 16
VisualStudioVersion = 16.0.31129.286
MinimumVisualStudioVersion = 10.0.40219.1
Project("{FAE04EC0-301F-11D3-BF4B-00C04F79EFBC}") = "HomeTask_3_4", "HomeTask_3_4\HomeTask_3_4.csproj", "{2B5E67EE-1030-422C-8512-AD6FB269B248}"
EndProject
Global
	GlobalSection(SolutionConfigurationPlatforms) = preSolution
		Debug|Any CPU = Debug|Any CPU
		Release|Any CPU = Release|Any CPU
	EndGlobalSection
	GlobalSection(ProjectConfigurationPlatforms) = postSolution
		{2B5E67EE-1030-422C-8512-AD6FB269B248}.Debug|Any CPU.ActiveCfg = Debug|Any CPU
		{2B5E67EE-1030-422C-8512-AD6FB269B248}.Debug|Any CPU.Build.0 = Debug|Any CPU
		{2B5E67EE-1030-422C-8512-AD6FB269B248}.Release|Any CPU.ActiveCfg = Release|Any CPU
		{2B5E67EE-1030-422C-8512-AD6FB269B248}.Release|Any CPU.Build.0 = Release|Any CPU
	EndGlobalSection
	GlobalSection(SolutionProperties) = preSolution
		HideSolutionNode = FALSE
	EndGlobalSection
	GlobalSection(ExtensibilityGlobals) = postSolution
		SolutionGuid = {32321401-FB66-4965-B5C3-EFA6A1E9110F}
	EndGlobalSection
EndGlobal
